
Microsoft Visual Studio Solution File, Format Version 12.00
# Visual Studio Version 17
VisualStudioVersion = 17.5.002.0
MinimumVisualStudioVersion = 10.0.40219.1
Project("{9A19103F-16F7-4668-BE54-9A1E7A4F7556}") = "GOTCharacterApp", "GOTCharacterApp.csproj", "{2D7BAF0B-DF27-4561-A968-D6D1B831BE90}"
EndProject
Global
	GlobalSection(SolutionConfigurationPlatforms) = preSolution
		Debug|Any CPU = Debug|Any CPU
		Release|Any CPU = Release|Any CPU
	EndGlobalSection
	GlobalSection(ProjectConfigurationPlatforms) = postSolution
		{2D7BAF0B-DF27-4561-A968-D6D1B831BE90}.Debug|Any CPU.ActiveCfg = Debug|Any CPU
		{2D7BAF0B-DF27-4561-A968-D6D1B831BE90}.Debug|Any CPU.Build.0 = Debug|Any CPU
		{2D7BAF0B-DF27-4561-A968-D6D1B831BE90}.Release|Any CPU.ActiveCfg = Release|Any CPU
		{2D7BAF0B-DF27-4561-A968-D6D1B831BE90}.Release|Any CPU.Build.0 = Release|Any CPU
	EndGlobalSection
	GlobalSection(SolutionProperties) = preSolution
		HideSolutionNode = FALSE
	EndGlobalSection
	GlobalSection(ExtensibilityGlobals) = postSolution
		SolutionGuid = {CAAA6A0C-2904-42C0-A6E4-F1C4D4F2FAD3}
	EndGlobalSection
EndGlobal
